
Microsoft Visual Studio Solution File, Format Version 12.00
# Visual Studio Version 16
VisualStudioVersion = 16.0.31424.327
MinimumVisualStudioVersion = 10.0.40219.1
Project("{FAE04EC0-301F-11D3-BF4B-00C04F79EFBC}") = "ChattingClient", "ChattingClient\ChattingClient.csproj", "{65FFD31C-7609-401A-8D28-054770192FBB}"
EndProject
Global
	GlobalSection(SolutionConfigurationPlatforms) = preSolution
		Debug|Any CPU = Debug|Any CPU
		Release|Any CPU = Release|Any CPU
	EndGlobalSection
	GlobalSection(ProjectConfigurationPlatforms) = postSolution
		{65FFD31C-7609-401A-8D28-054770192FBB}.Debug|Any CPU.ActiveCfg = Debug|Any CPU
		{65FFD31C-7609-401A-8D28-054770192FBB}.Debug|Any CPU.Build.0 = Debug|Any CPU
		{65FFD31C-7609-401A-8D28-054770192FBB}.Release|Any CPU.ActiveCfg = Release|Any CPU
		{65FFD31C-7609-401A-8D28-054770192FBB}.Release|Any CPU.Build.0 = Release|Any CPU
	EndGlobalSection
	GlobalSection(SolutionProperties) = preSolution
		HideSolutionNode = FALSE
	EndGlobalSection
	GlobalSection(ExtensibilityGlobals) = postSolution
		SolutionGuid = {AD1F099D-5AD5-4B08-B6F2-FAAECE745B05}
	EndGlobalSection
EndGlobal
